// !$*UTF8*$!
{
	archiveVersion = 1;
	classes = {
	};
	objectVersion = 48;
	objects = {

/* Begin PBXBuildFile section */
		0F3181C92015516700ACF407 /* EllipticCurveKeyPair.swift in Sources */ = {isa = PBXBuildFile; fileRef = 0F3181C82015516700ACF407 /* EllipticCurveKeyPair.swift */; };
		0F4D8E4A1FB93780000F259D /* AppDelegate.swift in Sources */ = {isa = PBXBuildFile; fileRef = 0F4D8E491FB93780000F259D /* AppDelegate.swift */; };
		0F4D8E511FB93780000F259D /* Main.storyboard in Resources */ = {isa = PBXBuildFile; fileRef = 0F4D8E4F1FB93780000F259D /* Main.storyboard */; };
		0F4D8E531FB93780000F259D /* Assets.xcassets in Resources */ = {isa = PBXBuildFile; fileRef = 0F4D8E521FB93780000F259D /* Assets.xcassets */; };
		0F4D8E561FB93780000F259D /* LaunchScreen.storyboard in Resources */ = {isa = PBXBuildFile; fileRef = 0F4D8E541FB93780000F259D /* LaunchScreen.storyboard */; };
		0F4D8E611FB93780000F259D /* authreqTests.swift in Sources */ = {isa = PBXBuildFile; fileRef = 0F4D8E601FB93780000F259D /* authreqTests.swift */; };
		0F4D8E6C1FB93780000F259D /* authreqUITests.swift in Sources */ = {isa = PBXBuildFile; fileRef = 0F4D8E6B1FB93780000F259D /* authreqUITests.swift */; };
		0F7CAA231FC24B330026278E /* SHA256.swift in Sources */ = {isa = PBXBuildFile; fileRef = 0F7CAA211FC24B330026278E /* SHA256.swift */; };
		0F7CAA261FC24D480026278E /* Utils.swift in Sources */ = {isa = PBXBuildFile; fileRef = 0F7CAA251FC24D480026278E /* Utils.swift */; };
		0F9797B920169AC8001799B4 /* authreq.xcdatamodel in Sources */ = {isa = PBXBuildFile; fileRef = 0F9797B820169AC8001799B4 /* authreq.xcdatamodel */; };
		0FA1FBFF201784CF00CD5DBF /* MasterViewController.swift in Sources */ = {isa = PBXBuildFile; fileRef = 0FA1FBFD201784CE00CD5DBF /* MasterViewController.swift */; };
		0FA1FC00201784CF00CD5DBF /* DetailViewController.swift in Sources */ = {isa = PBXBuildFile; fileRef = 0FA1FBFE201784CF00CD5DBF /* DetailViewController.swift */; };
		0FC48B502017335F009B5CB0 /* SignatureRequest+CoreDataClass.swift in Sources */ = {isa = PBXBuildFile; fileRef = 0FC48B4E2017335F009B5CB0 /* SignatureRequest+CoreDataClass.swift */; };
		0FC48B532017468C009B5CB0 /* SignatureRequest+CoreDataProperties.swift in Sources */ = {isa = PBXBuildFile; fileRef = 0FC48B522017468C009B5CB0 /* SignatureRequest+CoreDataProperties.swift */; };
		0FC48B55201762BB009B5CB0 /* SignatureRequestTableViewCell.swift in Sources */ = {isa = PBXBuildFile; fileRef = 0FC48B54201762BB009B5CB0 /* SignatureRequestTableViewCell.swift */; };
/* End PBXBuildFile section */

/* Begin PBXContainerItemProxy section */
		0F4D8E5D1FB93780000F259D /* PBXContainerItemProxy */ = {
			isa = PBXContainerItemProxy;
			containerPortal = 0F4D8E3E1FB9377F000F259D /* Project object */;
			proxyType = 1;
			remoteGlobalIDString = 0F4D8E451FB93780000F259D;
			remoteInfo = authreq;
		};
		0F4D8E681FB93780000F259D /* PBXContainerItemProxy */ = {
			isa = PBXContainerItemProxy;
			containerPortal = 0F4D8E3E1FB9377F000F259D /* Project object */;
			proxyType = 1;
			remoteGlobalIDString = 0F4D8E451FB93780000F259D;
			remoteInfo = authreq;
		};
/* End PBXContainerItemProxy section */

/* Begin PBXFileReference section */
		0F3181C82015516700ACF407 /* EllipticCurveKeyPair.swift */ = {isa = PBXFileReference; fileEncoding = 4; lastKnownFileType = sourcecode.swift; name = EllipticCurveKeyPair.swift; path = "../../../../Downloads/EllipticCurveKeyPair-master/Sources/EllipticCurveKeyPair.swift"; sourceTree = "<group>"; };
		0F4D8E461FB93780000F259D /* authreq.app */ = {isa = PBXFileReference; explicitFileType = wrapper.application; includeInIndex = 0; path = authreq.app; sourceTree = BUILT_PRODUCTS_DIR; };
		0F4D8E491FB93780000F259D /* AppDelegate.swift */ = {isa = PBXFileReference; lastKnownFileType = sourcecode.swift; path = AppDelegate.swift; sourceTree = "<group>"; };
		0F4D8E501FB93780000F259D /* Base */ = {isa = PBXFileReference; lastKnownFileType = file.storyboard; name = Base; path = Base.lproj/Main.storyboard; sourceTree = "<group>"; };
		0F4D8E521FB93780000F259D /* Assets.xcassets */ = {isa = PBXFileReference; lastKnownFileType = folder.assetcatalog; path = Assets.xcassets; sourceTree = "<group>"; };
		0F4D8E551FB93780000F259D /* Base */ = {isa = PBXFileReference; lastKnownFileType = file.storyboard; name = Base; path = Base.lproj/LaunchScreen.storyboard; sourceTree = "<group>"; };
		0F4D8E571FB93780000F259D /* Info.plist */ = {isa = PBXFileReference; lastKnownFileType = text.plist.xml; path = Info.plist; sourceTree = "<group>"; };
		0F4D8E5C1FB93780000F259D /* authreqTests.xctest */ = {isa = PBXFileReference; explicitFileType = wrapper.cfbundle; includeInIndex = 0; path = authreqTests.xctest; sourceTree = BUILT_PRODUCTS_DIR; };
		0F4D8E601FB93780000F259D /* authreqTests.swift */ = {isa = PBXFileReference; lastKnownFileType = sourcecode.swift; path = authreqTests.swift; sourceTree = "<group>"; };
		0F4D8E621FB93780000F259D /* Info.plist */ = {isa = PBXFileReference; lastKnownFileType = text.plist.xml; path = Info.plist; sourceTree = "<group>"; };
		0F4D8E671FB93780000F259D /* authreqUITests.xctest */ = {isa = PBXFileReference; explicitFileType = wrapper.cfbundle; includeInIndex = 0; path = authreqUITests.xctest; sourceTree = BUILT_PRODUCTS_DIR; };
		0F4D8E6B1FB93780000F259D /* authreqUITests.swift */ = {isa = PBXFileReference; lastKnownFileType = sourcecode.swift; path = authreqUITests.swift; sourceTree = "<group>"; };
		0F4D8E6D1FB93780000F259D /* Info.plist */ = {isa = PBXFileReference; lastKnownFileType = text.plist.xml; path = Info.plist; sourceTree = "<group>"; };
		0F4D8E791FB9412C000F259D /* authreq.entitlements */ = {isa = PBXFileReference; lastKnownFileType = text.plist.entitlements; path = authreq.entitlements; sourceTree = "<group>"; };
		0F7CAA211FC24B330026278E /* SHA256.swift */ = {isa = PBXFileReference; fileEncoding = 4; lastKnownFileType = sourcecode.swift; path = SHA256.swift; sourceTree = "<group>"; };
		0F7CAA251FC24D480026278E /* Utils.swift */ = {isa = PBXFileReference; fileEncoding = 4; lastKnownFileType = sourcecode.swift; path = Utils.swift; sourceTree = "<group>"; };
		0F9797B820169AC8001799B4 /* authreq.xcdatamodel */ = {isa = PBXFileReference; lastKnownFileType = wrapper.xcdatamodel; path = authreq.xcdatamodel; sourceTree = "<group>"; };
		0FA1FBFD201784CE00CD5DBF /* MasterViewController.swift */ = {isa = PBXFileReference; fileEncoding = 4; lastKnownFileType = sourcecode.swift; path = MasterViewController.swift; sourceTree = "<group>"; };
		0FA1FBFE201784CF00CD5DBF /* DetailViewController.swift */ = {isa = PBXFileReference; fileEncoding = 4; lastKnownFileType = sourcecode.swift; path = DetailViewController.swift; sourceTree = "<group>"; };
		0FC48B4E2017335F009B5CB0 /* SignatureRequest+CoreDataClass.swift */ = {isa = PBXFileReference; lastKnownFileType = sourcecode.swift; path = "SignatureRequest+CoreDataClass.swift"; sourceTree = "<group>"; };
		0FC48B522017468C009B5CB0 /* SignatureRequest+CoreDataProperties.swift */ = {isa = PBXFileReference; lastKnownFileType = sourcecode.swift; path = "SignatureRequest+CoreDataProperties.swift"; sourceTree = "<group>"; };
		0FC48B54201762BB009B5CB0 /* SignatureRequestTableViewCell.swift */ = {isa = PBXFileReference; lastKnownFileType = sourcecode.swift; path = SignatureRequestTableViewCell.swift; sourceTree = "<group>"; };
/* End PBXFileReference section */

/* Begin PBXFrameworksBuildPhase section */
		0F4D8E431FB93780000F259D /* Frameworks */ = {
			isa = PBXFrameworksBuildPhase;
			buildActionMask = 2147483647;
			files = (
			);
			runOnlyForDeploymentPostprocessing = 0;
		};
		0F4D8E591FB93780000F259D /* Frameworks */ = {
			isa = PBXFrameworksBuildPhase;
			buildActionMask = 2147483647;
			files = (
			);
			runOnlyForDeploymentPostprocessing = 0;
		};
		0F4D8E641FB93780000F259D /* Frameworks */ = {
			isa = PBXFrameworksBuildPhase;
			buildActionMask = 2147483647;
			files = (
			);
			runOnlyForDeploymentPostprocessing = 0;
		};
/* End PBXFrameworksBuildPhase section */

/* Begin PBXGroup section */
		0F4D8E3D1FB9377F000F259D = {
			isa = PBXGroup;
			children = (
				0F4D8E481FB93780000F259D /* authreq */,
				0F4D8E5F1FB93780000F259D /* authreqTests */,
				0F4D8E6A1FB93780000F259D /* authreqUITests */,
				0F4D8E471FB93780000F259D /* Products */,
			);
			sourceTree = "<group>";
		};
		0F4D8E471FB93780000F259D /* Products */ = {
			isa = PBXGroup;
			children = (
				0F4D8E461FB93780000F259D /* authreq.app */,
				0F4D8E5C1FB93780000F259D /* authreqTests.xctest */,
				0F4D8E671FB93780000F259D /* authreqUITests.xctest */,
			);
			name = Products;
			sourceTree = "<group>";
		};
		0F4D8E481FB93780000F259D /* authreq */ = {
			isa = PBXGroup;
			children = (
				0FC48B4E2017335F009B5CB0 /* SignatureRequest+CoreDataClass.swift */,
				0FC48B522017468C009B5CB0 /* SignatureRequest+CoreDataProperties.swift */,
				0F4D8E791FB9412C000F259D /* authreq.entitlements */,
				0F4D8E491FB93780000F259D /* AppDelegate.swift */,
				0FA1FBFE201784CF00CD5DBF /* DetailViewController.swift */,
				0FA1FBFD201784CE00CD5DBF /* MasterViewController.swift */,
				0F4D8E4F1FB93780000F259D /* Main.storyboard */,
				0FC48B54201762BB009B5CB0 /* SignatureRequestTableViewCell.swift */,
				0F3181C82015516700ACF407 /* EllipticCurveKeyPair.swift */,
				0F7CAA211FC24B330026278E /* SHA256.swift */,
				0F7CAA251FC24D480026278E /* Utils.swift */,
				0F9797B820169AC8001799B4 /* authreq.xcdatamodel */,
				0F4D8E521FB93780000F259D /* Assets.xcassets */,
				0F4D8E541FB93780000F259D /* LaunchScreen.storyboard */,
				0F4D8E571FB93780000F259D /* Info.plist */,
			);
			path = authreq;
			sourceTree = "<group>";
		};
		0F4D8E5F1FB93780000F259D /* authreqTests */ = {
			isa = PBXGroup;
			children = (
				0F4D8E601FB93780000F259D /* authreqTests.swift */,
				0F4D8E621FB93780000F259D /* Info.plist */,
			);
			path = authreqTests;
			sourceTree = "<group>";
		};
		0F4D8E6A1FB93780000F259D /* authreqUITests */ = {
			isa = PBXGroup;
			children = (
				0F4D8E6B1FB93780000F259D /* authreqUITests.swift */,
				0F4D8E6D1FB93780000F259D /* Info.plist */,
			);
			path = authreqUITests;
			sourceTree = "<group>";
		};
/* End PBXGroup section */

/* Begin PBXNativeTarget section */
		0F4D8E451FB93780000F259D /* authreq */ = {
			isa = PBXNativeTarget;
			buildConfigurationList = 0F4D8E701FB93780000F259D /* Build configuration list for PBXNativeTarget "authreq" */;
			buildPhases = (
				0F4D8E421FB93780000F259D /* Sources */,
				0F4D8E431FB93780000F259D /* Frameworks */,
				0F4D8E441FB93780000F259D /* Resources */,
			);
			buildRules = (
			);
			dependencies = (
			);
			name = authreq;
			productName = authreq;
			productReference = 0F4D8E461FB93780000F259D /* authreq.app */;
			productType = "com.apple.product-type.application";
		};
		0F4D8E5B1FB93780000F259D /* authreqTests */ = {
			isa = PBXNativeTarget;
			buildConfigurationList = 0F4D8E731FB93780000F259D /* Build configuration list for PBXNativeTarget "authreqTests" */;
			buildPhases = (
				0F4D8E581FB93780000F259D /* Sources */,
				0F4D8E591FB93780000F259D /* Frameworks */,
				0F4D8E5A1FB93780000F259D /* Resources */,
			);
			buildRules = (
			);
			dependencies = (
				0F4D8E5E1FB93780000F259D /* PBXTargetDependency */,
			);
			name = authreqTests;
			productName = authreqTests;
			productReference = 0F4D8E5C1FB93780000F259D /* authreqTests.xctest */;
			productType = "com.apple.product-type.bundle.unit-test";
		};
		0F4D8E661FB93780000F259D /* authreqUITests */ = {
			isa = PBXNativeTarget;
			buildConfigurationList = 0F4D8E761FB93780000F259D /* Build configuration list for PBXNativeTarget "authreqUITests" */;
			buildPhases = (
				0F4D8E631FB93780000F259D /* Sources */,
				0F4D8E641FB93780000F259D /* Frameworks */,
				0F4D8E651FB93780000F259D /* Resources */,
			);
			buildRules = (
			);
			dependencies = (
				0F4D8E691FB93780000F259D /* PBXTargetDependency */,
			);
			name = authreqUITests;
			productName = authreqUITests;
			productReference = 0F4D8E671FB93780000F259D /* authreqUITests.xctest */;
			productType = "com.apple.product-type.bundle.ui-testing";
		};
/* End PBXNativeTarget section */

/* Begin PBXProject section */
		0F4D8E3E1FB9377F000F259D /* Project object */ = {
			isa = PBXProject;
			attributes = {
				LastSwiftUpdateCheck = 0910;
				LastUpgradeCheck = 0910;
				ORGANIZATIONNAME = "Akos Szente";
				TargetAttributes = {
					0F4D8E451FB93780000F259D = {
						CreatedOnToolsVersion = 9.1;
						ProvisioningStyle = Automatic;
						SystemCapabilities = {
							com.apple.BackgroundModes = {
								enabled = 1;
							};
							com.apple.Push = {
								enabled = 1;
							};
						};
					};
					0F4D8E5B1FB93780000F259D = {
						CreatedOnToolsVersion = 9.1;
						ProvisioningStyle = Automatic;
						TestTargetID = 0F4D8E451FB93780000F259D;
					};
					0F4D8E661FB93780000F259D = {
						CreatedOnToolsVersion = 9.1;
						ProvisioningStyle = Automatic;
						TestTargetID = 0F4D8E451FB93780000F259D;
					};
				};
			};
			buildConfigurationList = 0F4D8E411FB93780000F259D /* Build configuration list for PBXProject "authreq" */;
			compatibilityVersion = "Xcode 8.0";
			developmentRegion = en;
			hasScannedForEncodings = 0;
			knownRegions = (
				en,
				Base,
			);
			mainGroup = 0F4D8E3D1FB9377F000F259D;
			productRefGroup = 0F4D8E471FB93780000F259D /* Products */;
			projectDirPath = "";
			projectRoot = "";
			targets = (
				0F4D8E451FB93780000F259D /* authreq */,
				0F4D8E5B1FB93780000F259D /* authreqTests */,
				0F4D8E661FB93780000F259D /* authreqUITests */,
			);
		};
/* End PBXProject section */

/* Begin PBXResourcesBuildPhase section */
		0F4D8E441FB93780000F259D /* Resources */ = {
			isa = PBXResourcesBuildPhase;
			buildActionMask = 2147483647;
			files = (
				0F4D8E561FB93780000F259D /* LaunchScreen.storyboard in Resources */,
				0F4D8E531FB93780000F259D /* Assets.xcassets in Resources */,
				0F4D8E511FB93780000F259D /* Main.storyboard in Resources */,
			);
			runOnlyForDeploymentPostprocessing = 0;
		};
		0F4D8E5A1FB93780000F259D /* Resources */ = {
			isa = PBXResourcesBuildPhase;
			buildActionMask = 2147483647;
			files = (
			);
			runOnlyForDeploymentPostprocessing = 0;
		};
		0F4D8E651FB93780000F259D /* Resources */ = {
			isa = PBXResourcesBuildPhase;
			buildActionMask = 2147483647;
			files = (
			);
			runOnlyForDeploymentPostprocessing = 0;
		};
/* End PBXResourcesBuildPhase section */

/* Begin PBXSourcesBuildPhase section */
		0F4D8E421FB93780000F259D /* Sources */ = {
			isa = PBXSourcesBuildPhase;
			buildActionMask = 2147483647;
			files = (
				0FC48B532017468C009B5CB0 /* SignatureRequest+CoreDataProperties.swift in Sources */,
				0F7CAA231FC24B330026278E /* SHA256.swift in Sources */,
				0FA1FBFF201784CF00CD5DBF /* MasterViewController.swift in Sources */,
				0FA1FC00201784CF00CD5DBF /* DetailViewController.swift in Sources */,
				0F4D8E4A1FB93780000F259D /* AppDelegate.swift in Sources */,
				0FC48B55201762BB009B5CB0 /* SignatureRequestTableViewCell.swift in Sources */,
				0F9797B920169AC8001799B4 /* authreq.xcdatamodel in Sources */,
				0F3181C92015516700ACF407 /* EllipticCurveKeyPair.swift in Sources */,
				0FC48B502017335F009B5CB0 /* SignatureRequest+CoreDataClass.swift in Sources */,
				0F7CAA261FC24D480026278E /* Utils.swift in Sources */,
			);
			runOnlyForDeploymentPostprocessing = 0;
		};
		0F4D8E581FB93780000F259D /* Sources */ = {
			isa = PBXSourcesBuildPhase;
			buildActionMask = 2147483647;
			files = (
				0F4D8E611FB93780000F259D /* authreqTests.swift in Sources */,
			);
			runOnlyForDeploymentPostprocessing = 0;
		};
		0F4D8E631FB93780000F259D /* Sources */ = {
			isa = PBXSourcesBuildPhase;
			buildActionMask = 2147483647;
			files = (
				0F4D8E6C1FB93780000F259D /* authreqUITests.swift in Sources */,
			);
			runOnlyForDeploymentPostprocessing = 0;
		};
/* End PBXSourcesBuildPhase section */

/* Begin PBXTargetDependency section */
		0F4D8E5E1FB93780000F259D /* PBXTargetDependency */ = {
			isa = PBXTargetDependency;
			target = 0F4D8E451FB93780000F259D /* authreq */;
			targetProxy = 0F4D8E5D1FB93780000F259D /* PBXContainerItemProxy */;
		};
		0F4D8E691FB93780000F259D /* PBXTargetDependency */ = {
			isa = PBXTargetDependency;
			target = 0F4D8E451FB93780000F259D /* authreq */;
			targetProxy = 0F4D8E681FB93780000F259D /* PBXContainerItemProxy */;
		};
/* End PBXTargetDependency section */

/* Begin PBXVariantGroup section */
		0F4D8E4F1FB93780000F259D /* Main.storyboard */ = {
			isa = PBXVariantGroup;
			children = (
				0F4D8E501FB93780000F259D /* Base */,
			);
			name = Main.storyboard;
			sourceTree = "<group>";
		};
		0F4D8E541FB93780000F259D /* LaunchScreen.storyboard */ = {
			isa = PBXVariantGroup;
			children = (
				0F4D8E551FB93780000F259D /* Base */,
			);
			name = LaunchScreen.storyboard;
			sourceTree = "<group>";
		};
/* End PBXVariantGroup section */

/* Begin XCBuildConfiguration section */
		0F4D8E6E1FB93780000F259D /* Debug */ = {
			isa = XCBuildConfiguration;
			buildSettings = {
				ALWAYS_SEARCH_USER_PATHS = NO;
				CLANG_ANALYZER_NONNULL = YES;
				CLANG_ANALYZER_NUMBER_OBJECT_CONVERSION = YES_AGGRESSIVE;
				CLANG_CXX_LANGUAGE_STANDARD = "gnu++14";
				CLANG_CXX_LIBRARY = "libc++";
				CLANG_ENABLE_MODULES = YES;
				CLANG_ENABLE_OBJC_ARC = YES;
				CLANG_WARN_BLOCK_CAPTURE_AUTORELEASING = YES;
				CLANG_WARN_BOOL_CONVERSION = YES;
				CLANG_WARN_COMMA = YES;
				CLANG_WARN_CONSTANT_CONVERSION = YES;
				CLANG_WARN_DIRECT_OBJC_ISA_USAGE = YES_ERROR;
				CLANG_WARN_DOCUMENTATION_COMMENTS = YES;
				CLANG_WARN_EMPTY_BODY = YES;
				CLANG_WARN_ENUM_CONVERSION = YES;
				CLANG_WARN_INFINITE_RECURSION = YES;
				CLANG_WARN_INT_CONVERSION = YES;
				CLANG_WARN_NON_LITERAL_NULL_CONVERSION = YES;
				CLANG_WARN_OBJC_LITERAL_CONVERSION = YES;
				CLANG_WARN_OBJC_ROOT_CLASS = YES_ERROR;
				CLANG_WARN_RANGE_LOOP_ANALYSIS = YES;
				CLANG_WARN_STRICT_PROTOTYPES = YES;
				CLANG_WARN_SUSPICIOUS_MOVE = YES;
				CLANG_WARN_UNGUARDED_AVAILABILITY = YES_AGGRESSIVE;
				CLANG_WARN_UNREACHABLE_CODE = YES;
				CLANG_WARN__DUPLICATE_METHOD_MATCH = YES;
				CODE_SIGN_IDENTITY = "iPhone Developer";
				COPY_PHASE_STRIP = NO;
				DEBUG_INFORMATION_FORMAT = dwarf;
				ENABLE_STRICT_OBJC_MSGSEND = YES;
				ENABLE_TESTABILITY = YES;
				GCC_C_LANGUAGE_STANDARD = gnu11;
				GCC_DYNAMIC_NO_PIC = NO;
				GCC_NO_COMMON_BLOCKS = YES;
				GCC_OPTIMIZATION_LEVEL = 0;
				GCC_PREPROCESSOR_DEFINITIONS = (
					"DEBUG=1",
					"$(inherited)",
				);
				GCC_WARN_64_TO_32_BIT_CONVERSION = YES;
				GCC_WARN_ABOUT_RETURN_TYPE = YES_ERROR;
				GCC_WARN_UNDECLARED_SELECTOR = YES;
				GCC_WARN_UNINITIALIZED_AUTOS = YES_AGGRESSIVE;
				GCC_WARN_UNUSED_FUNCTION = YES;
				GCC_WARN_UNUSED_VARIABLE = YES;
				IPHONEOS_DEPLOYMENT_TARGET = 11.1;
				MTL_ENABLE_DEBUG_INFO = YES;
				ONLY_ACTIVE_ARCH = YES;
				SDKROOT = iphoneos;
				SWIFT_ACTIVE_COMPILATION_CONDITIONS = DEBUG;
				SWIFT_OPTIMIZATION_LEVEL = "-Onone";
			};
			name = Debug;
		};
		0F4D8E6F1FB93780000F259D /* Release */ = {
			isa = XCBuildConfiguration;
			buildSettings = {
				ALWAYS_SEARCH_USER_PATHS = NO;
				CLANG_ANALYZER_NONNULL = YES;
				CLANG_ANALYZER_NUMBER_OBJECT_CONVERSION = YES_AGGRESSIVE;
				CLANG_CXX_LANGUAGE_STANDARD = "gnu++14";
				CLANG_CXX_LIBRARY = "libc++";
				CLANG_ENABLE_MODULES = YES;
				CLANG_ENABLE_OBJC_ARC = YES;
				CLANG_WARN_BLOCK_CAPTURE_AUTORELEASING = YES;
				CLANG_WARN_BOOL_CONVERSION = YES;
				CLANG_WARN_COMMA = YES;
				CLANG_WARN_CONSTANT_CONVERSION = YES;
				CLANG_WARN_DIRECT_OBJC_ISA_USAGE = YES_ERROR;
				CLANG_WARN_DOCUMENTATION_COMMENTS = YES;
				CLANG_WARN_EMPTY_BODY = YES;
				CLANG_WARN_ENUM_CONVERSION = YES;
				CLANG_WARN_INFINITE_RECURSION = YES;
				CLANG_WARN_INT_CONVERSION = YES;
				CLANG_WARN_NON_LITERAL_NULL_CONVERSION = YES;
				CLANG_WARN_OBJC_LITERAL_CONVERSION = YES;
				CLANG_WARN_OBJC_ROOT_CLASS = YES_ERROR;
				CLANG_WARN_RANGE_LOOP_ANALYSIS = YES;
				CLANG_WARN_STRICT_PROTOTYPES = YES;
				CLANG_WARN_SUSPICIOUS_MOVE = YES;
				CLANG_WARN_UNGUARDED_AVAILABILITY = YES_AGGRESSIVE;
				CLANG_WARN_UNREACHABLE_CODE = YES;
				CLANG_WARN__DUPLICATE_METHOD_MATCH = YES;
				CODE_SIGN_IDENTITY = "iPhone Developer";
				COPY_PHASE_STRIP = NO;
				DEBUG_INFORMATION_FORMAT = "dwarf-with-dsym";
				ENABLE_NS_ASSERTIONS = NO;
				ENABLE_STRICT_OBJC_MSGSEND = YES;
				GCC_C_LANGUAGE_STANDARD = gnu11;
				GCC_NO_COMMON_BLOCKS = YES;
				GCC_WARN_64_TO_32_BIT_CONVERSION = YES;
				GCC_WARN_ABOUT_RETURN_TYPE = YES_ERROR;
				GCC_WARN_UNDECLARED_SELECTOR = YES;
				GCC_WARN_UNINITIALIZED_AUTOS = YES_AGGRESSIVE;
				GCC_WARN_UNUSED_FUNCTION = YES;
				GCC_WARN_UNUSED_VARIABLE = YES;
				IPHONEOS_DEPLOYMENT_TARGET = 11.1;
				MTL_ENABLE_DEBUG_INFO = NO;
				SDKROOT = iphoneos;
				SWIFT_OPTIMIZATION_LEVEL = "-Owholemodule";
				VALIDATE_PRODUCT = YES;
			};
			name = Release;
		};
		0F4D8E711FB93780000F259D /* Debug */ = {
			isa = XCBuildConfiguration;
			buildSettings = {
				ASSETCATALOG_COMPILER_APPICON_NAME = AppIcon;
				CODE_SIGN_ENTITLEMENTS = authreq/authreq.entitlements;
				CODE_SIGN_STYLE = Automatic;
				DEVELOPMENT_TEAM = MP8PV49J76;
				INFOPLIST_FILE = authreq/Info.plist;
				IPHONEOS_DEPLOYMENT_TARGET = 10.0;
				LD_RUNPATH_SEARCH_PATHS = "$(inherited) @executable_path/Frameworks";
				PRODUCT_BUNDLE_IDENTIFIER = info.szente.authreq;
				PRODUCT_NAME = "$(TARGET_NAME)";
				SWIFT_VERSION = 4.0;
				TARGETED_DEVICE_FAMILY = "1,2";
			};
			name = Debug;
		};
		0F4D8E721FB93780000F259D /* Release */ = {
			isa = XCBuildConfiguration;
			buildSettings = {
				ASSETCATALOG_COMPILER_APPICON_NAME = AppIcon;
				CODE_SIGN_ENTITLEMENTS = authreq/authreq.entitlements;
				CODE_SIGN_STYLE = Automatic;
				DEVELOPMENT_TEAM = MP8PV49J76;
				INFOPLIST_FILE = authreq/Info.plist;
				IPHONEOS_DEPLOYMENT_TARGET = 10.0;
				LD_RUNPATH_SEARCH_PATHS = "$(inherited) @executable_path/Frameworks";
				PRODUCT_BUNDLE_IDENTIFIER = info.szente.authreq;
				PRODUCT_NAME = "$(TARGET_NAME)";
				SWIFT_VERSION = 4.0;
				TARGETED_DEVICE_FAMILY = "1,2";
			};
			name = Release;
		};
		0F4D8E741FB93780000F259D /* Debug */ = {
			isa = XCBuildConfiguration;
			buildSettings = {
				ALWAYS_EMBED_SWIFT_STANDARD_LIBRARIES = YES;
				BUNDLE_LOADER = "$(TEST_HOST)";
				CODE_SIGN_STYLE = Automatic;
				DEVELOPMENT_TEAM = MP8PV49J76;
				INFOPLIST_FILE = authreqTests/Info.plist;
				LD_RUNPATH_SEARCH_PATHS = "$(inherited) @executable_path/Frameworks @loader_path/Frameworks";
				PRODUCT_BUNDLE_IDENTIFIER = info.szente.authreqTests;
				PRODUCT_NAME = "$(TARGET_NAME)";
				SWIFT_VERSION = 4.0;
				TARGETED_DEVICE_FAMILY = "1,2";
				TEST_HOST = "$(BUILT_PRODUCTS_DIR)/authreq.app/authreq";
			};
			name = Debug;
		};
		0F4D8E751FB93780000F259D /* Release */ = {
			isa = XCBuildConfiguration;
			buildSettings = {
				ALWAYS_EMBED_SWIFT_STANDARD_LIBRARIES = YES;
				BUNDLE_LOADER = "$(TEST_HOST)";
				CODE_SIGN_STYLE = Automatic;
				DEVELOPMENT_TEAM = MP8PV49J76;
				INFOPLIST_FILE = authreqTests/Info.plist;
				LD_RUNPATH_SEARCH_PATHS = "$(inherited) @executable_path/Frameworks @loader_path/Frameworks";
				PRODUCT_BUNDLE_IDENTIFIER = info.szente.authreqTests;
				PRODUCT_NAME = "$(TARGET_NAME)";
				SWIFT_VERSION = 4.0;
				TARGETED_DEVICE_FAMILY = "1,2";
				TEST_HOST = "$(BUILT_PRODUCTS_DIR)/authreq.app/authreq";
			};
			name = Release;
		};
		0F4D8E771FB93780000F259D /* Debug */ = {
			isa = XCBuildConfiguration;
			buildSettings = {
				ALWAYS_EMBED_SWIFT_STANDARD_LIBRARIES = YES;
				CODE_SIGN_STYLE = Automatic;
				DEVELOPMENT_TEAM = MP8PV49J76;
				INFOPLIST_FILE = authreqUITests/Info.plist;
				LD_RUNPATH_SEARCH_PATHS = "$(inherited) @executable_path/Frameworks @loader_path/Frameworks";
				PRODUCT_BUNDLE_IDENTIFIER = info.szente.authreqUITests;
				PRODUCT_NAME = "$(TARGET_NAME)";
				SWIFT_VERSION = 4.0;
				TARGETED_DEVICE_FAMILY = "1,2";
				TEST_TARGET_NAME = authreq;
			};
			name = Debug;
		};
		0F4D8E781FB93780000F259D /* Release */ = {
			isa = XCBuildConfiguration;
			buildSettings = {
				ALWAYS_EMBED_SWIFT_STANDARD_LIBRARIES = YES;
				CODE_SIGN_STYLE = Automatic;
				DEVELOPMENT_TEAM = MP8PV49J76;
				INFOPLIST_FILE = authreqUITests/Info.plist;
				LD_RUNPATH_SEARCH_PATHS = "$(inherited) @executable_path/Frameworks @loader_path/Frameworks";
				PRODUCT_BUNDLE_IDENTIFIER = info.szente.authreqUITests;
				PRODUCT_NAME = "$(TARGET_NAME)";
				SWIFT_VERSION = 4.0;
				TARGETED_DEVICE_FAMILY = "1,2";
				TEST_TARGET_NAME = authreq;
			};
			name = Release;
		};
/* End XCBuildConfiguration section */

/* Begin XCConfigurationList section */
		0F4D8E411FB93780000F259D /* Build configuration list for PBXProject "authreq" */ = {
			isa = XCConfigurationList;
			buildConfigurations = (
				0F4D8E6E1FB93780000F259D /* Debug */,
				0F4D8E6F1FB93780000F259D /* Release */,
			);
			defaultConfigurationIsVisible = 0;
			defaultConfigurationName = Release;
		};
		0F4D8E701FB93780000F259D /* Build configuration list for PBXNativeTarget "authreq" */ = {
			isa = XCConfigurationList;
			buildConfigurations = (
				0F4D8E711FB93780000F259D /* Debug */,
				0F4D8E721FB93780000F259D /* Release */,
			);
			defaultConfigurationIsVisible = 0;
			defaultConfigurationName = Release;
		};
		0F4D8E731FB93780000F259D /* Build configuration list for PBXNativeTarget "authreqTests" */ = {
			isa = XCConfigurationList;
			buildConfigurations = (
				0F4D8E741FB93780000F259D /* Debug */,
				0F4D8E751FB93780000F259D /* Release */,
			);
			defaultConfigurationIsVisible = 0;
			defaultConfigurationName = Release;
		};
		0F4D8E761FB93780000F259D /* Build configuration list for PBXNativeTarget "authreqUITests" */ = {
			isa = XCConfigurationList;
			buildConfigurations = (
				0F4D8E771FB93780000F259D /* Debug */,
				0F4D8E781FB93780000F259D /* Release */,
			);
			defaultConfigurationIsVisible = 0;
			defaultConfigurationName = Release;
		};
/* End XCConfigurationList section */
	};
	rootObject = 0F4D8E3E1FB9377F000F259D /* Project object */;
}
